
Microsoft Visual Studio Solution File, Format Version 12.00
# Visual Studio Version 17
VisualStudioVersion = 17.8.34525.116
MinimumVisualStudioVersion = 10.0.40219.1
Project("{FAE04EC0-301F-11D3-BF4B-00C04F79EFBC}") = "PROG7312ST10202241", "PROG7312ST10202241.csproj", "{C7BFC70F-4F7A-404E-BFD0-5B76D749F777}"
EndProject
Global
	GlobalSection(SolutionConfigurationPlatforms) = preSolution
		Debug|Any CPU = Debug|Any CPU
		Release|Any CPU = Release|Any CPU
	EndGlobalSection
	GlobalSection(ProjectConfigurationPlatforms) = postSolution
		{C7BFC70F-4F7A-404E-BFD0-5B76D749F777}.Debug|Any CPU.ActiveCfg = Debug|Any CPU
		{C7BFC70F-4F7A-404E-BFD0-5B76D749F777}.Debug|Any CPU.Build.0 = Debug|Any CPU
		{C7BFC70F-4F7A-404E-BFD0-5B76D749F777}.Release|Any CPU.ActiveCfg = Release|Any CPU
		{C7BFC70F-4F7A-404E-BFD0-5B76D749F777}.Release|Any CPU.Build.0 = Release|Any CPU
	EndGlobalSection
	GlobalSection(SolutionProperties) = preSolution
		HideSolutionNode = FALSE
	EndGlobalSection
	GlobalSection(ExtensibilityGlobals) = postSolution
		SolutionGuid = {18EF66C0-64D6-4F08-94B0-104E8D6871A4}
	EndGlobalSection
EndGlobal
